// !$*UTF8*$!
{
	archiveVersion = 1;
	classes = {
	};
	objectVersion = 50;
	objects = {

/* Begin PBXBuildFile section */
		64C0FE2C2652AB840058629B /* AppDelegate.swift in Sources */ = {isa = PBXBuildFile; fileRef = 64C0FE2B2652AB840058629B /* AppDelegate.swift */; };
		64C0FE2E2652AB840058629B /* SceneDelegate.swift in Sources */ = {isa = PBXBuildFile; fileRef = 64C0FE2D2652AB840058629B /* SceneDelegate.swift */; };
		64C0FE332652AB840058629B /* Main.storyboard in Resources */ = {isa = PBXBuildFile; fileRef = 64C0FE312652AB840058629B /* Main.storyboard */; };
		64C0FE352652AB850058629B /* Assets.xcassets in Resources */ = {isa = PBXBuildFile; fileRef = 64C0FE342652AB850058629B /* Assets.xcassets */; };
		64C0FE382652AB850058629B /* LaunchScreen.storyboard in Resources */ = {isa = PBXBuildFile; fileRef = 64C0FE362652AB850058629B /* LaunchScreen.storyboard */; };
		64C0FE4D2652AE150058629B /* WebService.swift in Sources */ = {isa = PBXBuildFile; fileRef = 64C0FE4C2652AE150058629B /* WebService.swift */; };
		64C0FE512652AE980058629B /* URLRequest+Request.swift in Sources */ = {isa = PBXBuildFile; fileRef = 64C0FE502652AE980058629B /* URLRequest+Request.swift */; };
		64C0FE542652AF190058629B /* JSONDecoder+Decoder.swift in Sources */ = {isa = PBXBuildFile; fileRef = 64C0FE532652AF190058629B /* JSONDecoder+Decoder.swift */; };
		64C0FE572652AF8F0058629B /* URLResponse+Extension.swift in Sources */ = {isa = PBXBuildFile; fileRef = 64C0FE562652AF8F0058629B /* URLResponse+Extension.swift */; };
		64C0FE5A2652AFD30058629B /* HTTPStatusCodes.swift in Sources */ = {isa = PBXBuildFile; fileRef = 64C0FE592652AFD30058629B /* HTTPStatusCodes.swift */; };
		64C0FE602652B1C10058629B /* Reachability.swift in Sources */ = {isa = PBXBuildFile; fileRef = 64C0FE5F2652B1C10058629B /* Reachability.swift */; };
		64C0FE712652C58B0058629B /* Coordinator.swift in Sources */ = {isa = PBXBuildFile; fileRef = 64C0FE702652C58B0058629B /* Coordinator.swift */; };
		64C0FE752652C5B70058629B /* AppCoordinator.swift in Sources */ = {isa = PBXBuildFile; fileRef = 64C0FE742652C5B70058629B /* AppCoordinator.swift */; };
		64C0FE792652C6AE0058629B /* MovieListVCCoordinator.swift in Sources */ = {isa = PBXBuildFile; fileRef = 64C0FE782652C6AE0058629B /* MovieListVCCoordinator.swift */; };
		64C0FE7E2652C85A0058629B /* UIViewController+Extension.swift in Sources */ = {isa = PBXBuildFile; fileRef = 64C0FE7D2652C85A0058629B /* UIViewController+Extension.swift */; };
		64C0FE822652C8940058629B /* MovieListViewController.swift in Sources */ = {isa = PBXBuildFile; fileRef = 64C0FE812652C8940058629B /* MovieListViewController.swift */; };
		64C0FE892652CAC00058629B /* MovieListViewModel.swift in Sources */ = {isa = PBXBuildFile; fileRef = 64C0FE882652CAC00058629B /* MovieListViewModel.swift */; };
		64C0FE8D2652CC0E0058629B /* URLs.swift in Sources */ = {isa = PBXBuildFile; fileRef = 64C0FE8C2652CC0E0058629B /* URLs.swift */; };
		64C0FE902652D0200058629B /* MovieList.swift in Sources */ = {isa = PBXBuildFile; fileRef = 64C0FE8F2652D0200058629B /* MovieList.swift */; };
/* End PBXBuildFile section */

/* Begin PBXFileReference section */
		64C0FE282652AB840058629B /* iOSPracticalTestProject.app */ = {isa = PBXFileReference; explicitFileType = wrapper.application; includeInIndex = 0; path = iOSPracticalTestProject.app; sourceTree = BUILT_PRODUCTS_DIR; };
		64C0FE2B2652AB840058629B /* AppDelegate.swift */ = {isa = PBXFileReference; lastKnownFileType = sourcecode.swift; path = AppDelegate.swift; sourceTree = "<group>"; };
		64C0FE2D2652AB840058629B /* SceneDelegate.swift */ = {isa = PBXFileReference; lastKnownFileType = sourcecode.swift; path = SceneDelegate.swift; sourceTree = "<group>"; };
		64C0FE322652AB840058629B /* Base */ = {isa = PBXFileReference; lastKnownFileType = file.storyboard; name = Base; path = Base.lproj/Main.storyboard; sourceTree = "<group>"; };
		64C0FE342652AB850058629B /* Assets.xcassets */ = {isa = PBXFileReference; lastKnownFileType = folder.assetcatalog; path = Assets.xcassets; sourceTree = "<group>"; };
		64C0FE372652AB850058629B /* Base */ = {isa = PBXFileReference; lastKnownFileType = file.storyboard; name = Base; path = Base.lproj/LaunchScreen.storyboard; sourceTree = "<group>"; };
		64C0FE392652AB850058629B /* Info.plist */ = {isa = PBXFileReference; lastKnownFileType = text.plist.xml; path = Info.plist; sourceTree = "<group>"; };
		64C0FE4C2652AE150058629B /* WebService.swift */ = {isa = PBXFileReference; lastKnownFileType = sourcecode.swift; path = WebService.swift; sourceTree = "<group>"; };
		64C0FE502652AE980058629B /* URLRequest+Request.swift */ = {isa = PBXFileReference; lastKnownFileType = sourcecode.swift; path = "URLRequest+Request.swift"; sourceTree = "<group>"; };
		64C0FE532652AF190058629B /* JSONDecoder+Decoder.swift */ = {isa = PBXFileReference; lastKnownFileType = sourcecode.swift; path = "JSONDecoder+Decoder.swift"; sourceTree = "<group>"; };
		64C0FE562652AF8F0058629B /* URLResponse+Extension.swift */ = {isa = PBXFileReference; lastKnownFileType = sourcecode.swift; path = "URLResponse+Extension.swift"; sourceTree = "<group>"; };
		64C0FE592652AFD30058629B /* HTTPStatusCodes.swift */ = {isa = PBXFileReference; lastKnownFileType = sourcecode.swift; path = HTTPStatusCodes.swift; sourceTree = "<group>"; };
		64C0FE5F2652B1C10058629B /* Reachability.swift */ = {isa = PBXFileReference; lastKnownFileType = sourcecode.swift; path = Reachability.swift; sourceTree = "<group>"; };
		64C0FE702652C58B0058629B /* Coordinator.swift */ = {isa = PBXFileReference; lastKnownFileType = sourcecode.swift; path = Coordinator.swift; sourceTree = "<group>"; };
		64C0FE742652C5B70058629B /* AppCoordinator.swift */ = {isa = PBXFileReference; lastKnownFileType = sourcecode.swift; path = AppCoordinator.swift; sourceTree = "<group>"; };
		64C0FE782652C6AE0058629B /* MovieListVCCoordinator.swift */ = {isa = PBXFileReference; lastKnownFileType = sourcecode.swift; path = MovieListVCCoordinator.swift; sourceTree = "<group>"; };
		64C0FE7D2652C85A0058629B /* UIViewController+Extension.swift */ = {isa = PBXFileReference; lastKnownFileType = sourcecode.swift; path = "UIViewController+Extension.swift"; sourceTree = "<group>"; };
		64C0FE812652C8940058629B /* MovieListViewController.swift */ = {isa = PBXFileReference; lastKnownFileType = sourcecode.swift; path = MovieListViewController.swift; sourceTree = "<group>"; };
		64C0FE882652CAC00058629B /* MovieListViewModel.swift */ = {isa = PBXFileReference; lastKnownFileType = sourcecode.swift; path = MovieListViewModel.swift; sourceTree = "<group>"; };
		64C0FE8C2652CC0E0058629B /* URLs.swift */ = {isa = PBXFileReference; lastKnownFileType = sourcecode.swift; path = URLs.swift; sourceTree = "<group>"; };
		64C0FE8F2652D0200058629B /* MovieList.swift */ = {isa = PBXFileReference; lastKnownFileType = sourcecode.swift; path = MovieList.swift; sourceTree = "<group>"; };
/* End PBXFileReference section */

/* Begin PBXFrameworksBuildPhase section */
		64C0FE252652AB840058629B /* Frameworks */ = {
			isa = PBXFrameworksBuildPhase;
			buildActionMask = 2147483647;
			files = (
			);
			runOnlyForDeploymentPostprocessing = 0;
		};
/* End PBXFrameworksBuildPhase section */

/* Begin PBXGroup section */
		64C0FE1F2652AB840058629B = {
			isa = PBXGroup;
			children = (
				64C0FE2A2652AB840058629B /* iOSPracticalTestProject */,
				64C0FE292652AB840058629B /* Products */,
			);
			sourceTree = "<group>";
		};
		64C0FE292652AB840058629B /* Products */ = {
			isa = PBXGroup;
			children = (
				64C0FE282652AB840058629B /* iOSPracticalTestProject.app */,
			);
			name = Products;
			sourceTree = "<group>";
		};
		64C0FE2A2652AB840058629B /* iOSPracticalTestProject */ = {
			isa = PBXGroup;
			children = (
				64C0FE402652AB940058629B /* AppDelegates */,
				64C0FE412652ABDE0058629B /* Scenes */,
				64C0FE432652AC220058629B /* Shared */,
				64C0FE842652C95F0058629B /* Views */,
				64C0FE342652AB850058629B /* Assets.xcassets */,
				64C0FE362652AB850058629B /* LaunchScreen.storyboard */,
				64C0FE392652AB850058629B /* Info.plist */,
			);
			path = iOSPracticalTestProject;
			sourceTree = "<group>";
		};
		64C0FE402652AB940058629B /* AppDelegates */ = {
			isa = PBXGroup;
			children = (
				64C0FE2B2652AB840058629B /* AppDelegate.swift */,
				64C0FE2D2652AB840058629B /* SceneDelegate.swift */,
				64C0FE742652C5B70058629B /* AppCoordinator.swift */,
			);
			path = AppDelegates;
			sourceTree = "<group>";
		};
		64C0FE412652ABDE0058629B /* Scenes */ = {
			isa = PBXGroup;
			children = (
				64C0FE622652B3660058629B /* MovieList */,
			);
			path = Scenes;
			sourceTree = "<group>";
		};
		64C0FE432652AC220058629B /* Shared */ = {
			isa = PBXGroup;
			children = (
				64C0FE8B2652CBFF0058629B /* API */,
				64C0FE6F2652C5780058629B /* Protocol */,
				64C0FE4F2652AE7E0058629B /* Extension */,
				64C0FE452652AC770058629B /* WebService */,
				64C0FE442652AC700058629B /* Helper */,
			);
			path = Shared;
			sourceTree = "<group>";
		};
		64C0FE442652AC700058629B /* Helper */ = {
			isa = PBXGroup;
			children = (
				64C0FE5F2652B1C10058629B /* Reachability.swift */,
			);
			path = Helper;
			sourceTree = "<group>";
		};
		64C0FE452652AC770058629B /* WebService */ = {
			isa = PBXGroup;
			children = (
				64C0FE4C2652AE150058629B /* WebService.swift */,
				64C0FE592652AFD30058629B /* HTTPStatusCodes.swift */,
			);
			path = WebService;
			sourceTree = "<group>";
		};
		64C0FE4F2652AE7E0058629B /* Extension */ = {
			isa = PBXGroup;
			children = (
				64C0FE502652AE980058629B /* URLRequest+Request.swift */,
				64C0FE532652AF190058629B /* JSONDecoder+Decoder.swift */,
				64C0FE562652AF8F0058629B /* URLResponse+Extension.swift */,
				64C0FE7D2652C85A0058629B /* UIViewController+Extension.swift */,
			);
			path = Extension;
			sourceTree = "<group>";
		};
		64C0FE622652B3660058629B /* MovieList */ = {
			isa = PBXGroup;
			children = (
				64C0FE872652CAA60058629B /* Model */,
				64C0FE862652CA9D0058629B /* ViewModel */,
				64C0FE772652C69A0058629B /* Controller */,
			);
			path = MovieList;
			sourceTree = "<group>";
		};
		64C0FE6F2652C5780058629B /* Protocol */ = {
			isa = PBXGroup;
			children = (
				64C0FE702652C58B0058629B /* Coordinator.swift */,
			);
			path = Protocol;
			sourceTree = "<group>";
		};
		64C0FE772652C69A0058629B /* Controller */ = {
			isa = PBXGroup;
			children = (
				64C0FE782652C6AE0058629B /* MovieListVCCoordinator.swift */,
				64C0FE812652C8940058629B /* MovieListViewController.swift */,
			);
			path = Controller;
			sourceTree = "<group>";
		};
		64C0FE842652C95F0058629B /* Views */ = {
			isa = PBXGroup;
			children = (
				64C0FE312652AB840058629B /* Main.storyboard */,
			);
			path = Views;
			sourceTree = "<group>";
		};
		64C0FE862652CA9D0058629B /* ViewModel */ = {
			isa = PBXGroup;
			children = (
				64C0FE882652CAC00058629B /* MovieListViewModel.swift */,
			);
			path = ViewModel;
			sourceTree = "<group>";
		};
		64C0FE872652CAA60058629B /* Model */ = {
			isa = PBXGroup;
			children = (
				64C0FE8F2652D0200058629B /* MovieList.swift */,
			);
			path = Model;
			sourceTree = "<group>";
		};
		64C0FE8B2652CBFF0058629B /* API */ = {
			isa = PBXGroup;
			children = (
				64C0FE8C2652CC0E0058629B /* URLs.swift */,
			);
			path = API;
			sourceTree = "<group>";
		};
/* End PBXGroup section */

/* Begin PBXNativeTarget section */
		64C0FE272652AB840058629B /* iOSPracticalTestProject */ = {
			isa = PBXNativeTarget;
			buildConfigurationList = 64C0FE3C2652AB850058629B /* Build configuration list for PBXNativeTarget "iOSPracticalTestProject" */;
			buildPhases = (
				64C0FE242652AB840058629B /* Sources */,
				64C0FE252652AB840058629B /* Frameworks */,
				64C0FE262652AB840058629B /* Resources */,
			);
			buildRules = (
			);
			dependencies = (
			);
			name = iOSPracticalTestProject;
			productName = iOSPracticalTestProject;
			productReference = 64C0FE282652AB840058629B /* iOSPracticalTestProject.app */;
			productType = "com.apple.product-type.application";
		};
/* End PBXNativeTarget section */

/* Begin PBXProject section */
		64C0FE202652AB840058629B /* Project object */ = {
			isa = PBXProject;
			attributes = {
				LastSwiftUpdateCheck = 1240;
				LastUpgradeCheck = 1240;
				TargetAttributes = {
					64C0FE272652AB840058629B = {
						CreatedOnToolsVersion = 12.4;
					};
				};
			};
			buildConfigurationList = 64C0FE232652AB840058629B /* Build configuration list for PBXProject "iOSPracticalTestProject" */;
			compatibilityVersion = "Xcode 9.3";
			developmentRegion = en;
			hasScannedForEncodings = 0;
			knownRegions = (
				en,
				Base,
			);
			mainGroup = 64C0FE1F2652AB840058629B;
			productRefGroup = 64C0FE292652AB840058629B /* Products */;
			projectDirPath = "";
			projectRoot = "";
			targets = (
				64C0FE272652AB840058629B /* iOSPracticalTestProject */,
			);
		};
/* End PBXProject section */

/* Begin PBXResourcesBuildPhase section */
		64C0FE262652AB840058629B /* Resources */ = {
			isa = PBXResourcesBuildPhase;
			buildActionMask = 2147483647;
			files = (
				64C0FE382652AB850058629B /* LaunchScreen.storyboard in Resources */,
				64C0FE352652AB850058629B /* Assets.xcassets in Resources */,
				64C0FE332652AB840058629B /* Main.storyboard in Resources */,
			);
			runOnlyForDeploymentPostprocessing = 0;
		};
/* End PBXResourcesBuildPhase section */

/* Begin PBXSourcesBuildPhase section */
		64C0FE242652AB840058629B /* Sources */ = {
			isa = PBXSourcesBuildPhase;
			buildActionMask = 2147483647;
			files = (
				64C0FE752652C5B70058629B /* AppCoordinator.swift in Sources */,
				64C0FE7E2652C85A0058629B /* UIViewController+Extension.swift in Sources */,
				64C0FE572652AF8F0058629B /* URLResponse+Extension.swift in Sources */,
				64C0FE892652CAC00058629B /* MovieListViewModel.swift in Sources */,
				64C0FE822652C8940058629B /* MovieListViewController.swift in Sources */,
				64C0FE512652AE980058629B /* URLRequest+Request.swift in Sources */,
				64C0FE902652D0200058629B /* MovieList.swift in Sources */,
				64C0FE712652C58B0058629B /* Coordinator.swift in Sources */,
				64C0FE542652AF190058629B /* JSONDecoder+Decoder.swift in Sources */,
				64C0FE2C2652AB840058629B /* AppDelegate.swift in Sources */,
				64C0FE4D2652AE150058629B /* WebService.swift in Sources */,
				64C0FE8D2652CC0E0058629B /* URLs.swift in Sources */,
				64C0FE792652C6AE0058629B /* MovieListVCCoordinator.swift in Sources */,
				64C0FE5A2652AFD30058629B /* HTTPStatusCodes.swift in Sources */,
				64C0FE602652B1C10058629B /* Reachability.swift in Sources */,
				64C0FE2E2652AB840058629B /* SceneDelegate.swift in Sources */,
			);
			runOnlyForDeploymentPostprocessing = 0;
		};
/* End PBXSourcesBuildPhase section */

/* Begin PBXVariantGroup section */
		64C0FE312652AB840058629B /* Main.storyboard */ = {
			isa = PBXVariantGroup;
			children = (
				64C0FE322652AB840058629B /* Base */,
			);
			name = Main.storyboard;
			sourceTree = "<group>";
		};
		64C0FE362652AB850058629B /* LaunchScreen.storyboard */ = {
			isa = PBXVariantGroup;
			children = (
				64C0FE372652AB850058629B /* Base */,
			);
			name = LaunchScreen.storyboard;
			sourceTree = "<group>";
		};
/* End PBXVariantGroup section */

/* Begin XCBuildConfiguration section */
		64C0FE3A2652AB850058629B /* Debug */ = {
			isa = XCBuildConfiguration;
			buildSettings = {
				ALWAYS_SEARCH_USER_PATHS = NO;
				CLANG_ANALYZER_NONNULL = YES;
				CLANG_ANALYZER_NUMBER_OBJECT_CONVERSION = YES_AGGRESSIVE;
				CLANG_CXX_LANGUAGE_STANDARD = "gnu++14";
				CLANG_CXX_LIBRARY = "libc++";
				CLANG_ENABLE_MODULES = YES;
				CLANG_ENABLE_OBJC_ARC = YES;
				CLANG_ENABLE_OBJC_WEAK = YES;
				CLANG_WARN_BLOCK_CAPTURE_AUTORELEASING = YES;
				CLANG_WARN_BOOL_CONVERSION = YES;
				CLANG_WARN_COMMA = YES;
				CLANG_WARN_CONSTANT_CONVERSION = YES;
				CLANG_WARN_DEPRECATED_OBJC_IMPLEMENTATIONS = YES;
				CLANG_WARN_DIRECT_OBJC_ISA_USAGE = YES_ERROR;
				CLANG_WARN_DOCUMENTATION_COMMENTS = YES;
				CLANG_WARN_EMPTY_BODY = YES;
				CLANG_WARN_ENUM_CONVERSION = YES;
				CLANG_WARN_INFINITE_RECURSION = YES;
				CLANG_WARN_INT_CONVERSION = YES;
				CLANG_WARN_NON_LITERAL_NULL_CONVERSION = YES;
				CLANG_WARN_OBJC_IMPLICIT_RETAIN_SELF = YES;
				CLANG_WARN_OBJC_LITERAL_CONVERSION = YES;
				CLANG_WARN_OBJC_ROOT_CLASS = YES_ERROR;
				CLANG_WARN_QUOTED_INCLUDE_IN_FRAMEWORK_HEADER = YES;
				CLANG_WARN_RANGE_LOOP_ANALYSIS = YES;
				CLANG_WARN_STRICT_PROTOTYPES = YES;
				CLANG_WARN_SUSPICIOUS_MOVE = YES;
				CLANG_WARN_UNGUARDED_AVAILABILITY = YES_AGGRESSIVE;
				CLANG_WARN_UNREACHABLE_CODE = YES;
				CLANG_WARN__DUPLICATE_METHOD_MATCH = YES;
				COPY_PHASE_STRIP = NO;
				DEBUG_INFORMATION_FORMAT = dwarf;
				ENABLE_STRICT_OBJC_MSGSEND = YES;
				ENABLE_TESTABILITY = YES;
				GCC_C_LANGUAGE_STANDARD = gnu11;
				GCC_DYNAMIC_NO_PIC = NO;
				GCC_NO_COMMON_BLOCKS = YES;
				GCC_OPTIMIZATION_LEVEL = 0;
				GCC_PREPROCESSOR_DEFINITIONS = (
					"DEBUG=1",
					"$(inherited)",
				);
				GCC_WARN_64_TO_32_BIT_CONVERSION = YES;
				GCC_WARN_ABOUT_RETURN_TYPE = YES_ERROR;
				GCC_WARN_UNDECLARED_SELECTOR = YES;
				GCC_WARN_UNINITIALIZED_AUTOS = YES_AGGRESSIVE;
				GCC_WARN_UNUSED_FUNCTION = YES;
				GCC_WARN_UNUSED_VARIABLE = YES;
				IPHONEOS_DEPLOYMENT_TARGET = 14.4;
				MTL_ENABLE_DEBUG_INFO = INCLUDE_SOURCE;
				MTL_FAST_MATH = YES;
				ONLY_ACTIVE_ARCH = YES;
				SDKROOT = iphoneos;
				SWIFT_ACTIVE_COMPILATION_CONDITIONS = DEBUG;
				SWIFT_OPTIMIZATION_LEVEL = "-Onone";
			};
			name = Debug;
		};
		64C0FE3B2652AB850058629B /* Release */ = {
			isa = XCBuildConfiguration;
			buildSettings = {
				ALWAYS_SEARCH_USER_PATHS = NO;
				CLANG_ANALYZER_NONNULL = YES;
				CLANG_ANALYZER_NUMBER_OBJECT_CONVERSION = YES_AGGRESSIVE;
				CLANG_CXX_LANGUAGE_STANDARD = "gnu++14";
				CLANG_CXX_LIBRARY = "libc++";
				CLANG_ENABLE_MODULES = YES;
				CLANG_ENABLE_OBJC_ARC = YES;
				CLANG_ENABLE_OBJC_WEAK = YES;
				CLANG_WARN_BLOCK_CAPTURE_AUTORELEASING = YES;
				CLANG_WARN_BOOL_CONVERSION = YES;
				CLANG_WARN_COMMA = YES;
				CLANG_WARN_CONSTANT_CONVERSION = YES;
				CLANG_WARN_DEPRECATED_OBJC_IMPLEMENTATIONS = YES;
				CLANG_WARN_DIRECT_OBJC_ISA_USAGE = YES_ERROR;
				CLANG_WARN_DOCUMENTATION_COMMENTS = YES;
				CLANG_WARN_EMPTY_BODY = YES;
				CLANG_WARN_ENUM_CONVERSION = YES;
				CLANG_WARN_INFINITE_RECURSION = YES;
				CLANG_WARN_INT_CONVERSION = YES;
				CLANG_WARN_NON_LITERAL_NULL_CONVERSION = YES;
				CLANG_WARN_OBJC_IMPLICIT_RETAIN_SELF = YES;
				CLANG_WARN_OBJC_LITERAL_CONVERSION = YES;
				CLANG_WARN_OBJC_ROOT_CLASS = YES_ERROR;
				CLANG_WARN_QUOTED_INCLUDE_IN_FRAMEWORK_HEADER = YES;
				CLANG_WARN_RANGE_LOOP_ANALYSIS = YES;
				CLANG_WARN_STRICT_PROTOTYPES = YES;
				CLANG_WARN_SUSPICIOUS_MOVE = YES;
				CLANG_WARN_UNGUARDED_AVAILABILITY = YES_AGGRESSIVE;
				CLANG_WARN_UNREACHABLE_CODE = YES;
				CLANG_WARN__DUPLICATE_METHOD_MATCH = YES;
				COPY_PHASE_STRIP = NO;
				DEBUG_INFORMATION_FORMAT = "dwarf-with-dsym";
				ENABLE_NS_ASSERTIONS = NO;
				ENABLE_STRICT_OBJC_MSGSEND = YES;
				GCC_C_LANGUAGE_STANDARD = gnu11;
				GCC_NO_COMMON_BLOCKS = YES;
				GCC_WARN_64_TO_32_BIT_CONVERSION = YES;
				GCC_WARN_ABOUT_RETURN_TYPE = YES_ERROR;
				GCC_WARN_UNDECLARED_SELECTOR = YES;
				GCC_WARN_UNINITIALIZED_AUTOS = YES_AGGRESSIVE;
				GCC_WARN_UNUSED_FUNCTION = YES;
				GCC_WARN_UNUSED_VARIABLE = YES;
				IPHONEOS_DEPLOYMENT_TARGET = 14.4;
				MTL_ENABLE_DEBUG_INFO = NO;
				MTL_FAST_MATH = YES;
				SDKROOT = iphoneos;
				SWIFT_COMPILATION_MODE = wholemodule;
				SWIFT_OPTIMIZATION_LEVEL = "-O";
				VALIDATE_PRODUCT = YES;
			};
			name = Release;
		};
		64C0FE3D2652AB850058629B /* Debug */ = {
			isa = XCBuildConfiguration;
			buildSettings = {
				ASSETCATALOG_COMPILER_APPICON_NAME = AppIcon;
				ASSETCATALOG_COMPILER_GLOBAL_ACCENT_COLOR_NAME = AccentColor;
				CODE_SIGN_STYLE = Automatic;
				DEVELOPMENT_TEAM = Z6XFX3L2N7;
				INFOPLIST_FILE = iOSPracticalTestProject/Info.plist;
				LD_RUNPATH_SEARCH_PATHS = (
					"$(inherited)",
					"@executable_path/Frameworks",
				);
				PRODUCT_BUNDLE_IDENTIFIER = com.moshiour.iOSPracticalTestProject;
				PRODUCT_NAME = "$(TARGET_NAME)";
				SWIFT_VERSION = 5.0;
				TARGETED_DEVICE_FAMILY = "1,2";
			};
			name = Debug;
		};
		64C0FE3E2652AB850058629B /* Release */ = {
			isa = XCBuildConfiguration;
			buildSettings = {
				ASSETCATALOG_COMPILER_APPICON_NAME = AppIcon;
				ASSETCATALOG_COMPILER_GLOBAL_ACCENT_COLOR_NAME = AccentColor;
				CODE_SIGN_STYLE = Automatic;
				DEVELOPMENT_TEAM = Z6XFX3L2N7;
				INFOPLIST_FILE = iOSPracticalTestProject/Info.plist;
				LD_RUNPATH_SEARCH_PATHS = (
					"$(inherited)",
					"@executable_path/Frameworks",
				);
				PRODUCT_BUNDLE_IDENTIFIER = com.moshiour.iOSPracticalTestProject;
				PRODUCT_NAME = "$(TARGET_NAME)";
				SWIFT_VERSION = 5.0;
				TARGETED_DEVICE_FAMILY = "1,2";
			};
			name = Release;
		};
/* End XCBuildConfiguration section */

/* Begin XCConfigurationList section */
		64C0FE232652AB840058629B /* Build configuration list for PBXProject "iOSPracticalTestProject" */ = {
			isa = XCConfigurationList;
			buildConfigurations = (
				64C0FE3A2652AB850058629B /* Debug */,
				64C0FE3B2652AB850058629B /* Release */,
			);
			defaultConfigurationIsVisible = 0;
			defaultConfigurationName = Release;
		};
		64C0FE3C2652AB850058629B /* Build configuration list for PBXNativeTarget "iOSPracticalTestProject" */ = {
			isa = XCConfigurationList;
			buildConfigurations = (
				64C0FE3D2652AB850058629B /* Debug */,
				64C0FE3E2652AB850058629B /* Release */,
			);
			defaultConfigurationIsVisible = 0;
			defaultConfigurationName = Release;
		};
/* End XCConfigurationList section */
	};
	rootObject = 64C0FE202652AB840058629B /* Project object */;
}
