// !$*UTF8*$!
{
	archiveVersion = 1;
	classes = {
	};
	objectVersion = 55;
	objects = {

/* Begin PBXBuildFile section */
		7F1EB9D9C783AABF65177AD5 /* Pods_iOSPracticalTestProjectTests.framework in Frameworks */ = {isa = PBXBuildFile; fileRef = B41110091018ADC04CA9A6F7 /* Pods_iOSPracticalTestProjectTests.framework */; };
		899E42FD289D223500866A75 /* AppDelegate.swift in Sources */ = {isa = PBXBuildFile; fileRef = 899E42FC289D223500866A75 /* AppDelegate.swift */; };
		899E42FF289D223500866A75 /* SceneDelegate.swift in Sources */ = {isa = PBXBuildFile; fileRef = 899E42FE289D223500866A75 /* SceneDelegate.swift */; };
		899E4301289D223500866A75 /* MovieListViewController.swift in Sources */ = {isa = PBXBuildFile; fileRef = 899E4300289D223500866A75 /* MovieListViewController.swift */; };
		899E4304289D223500866A75 /* Main.storyboard in Resources */ = {isa = PBXBuildFile; fileRef = 899E4302289D223500866A75 /* Main.storyboard */; };
		899E4306289D223500866A75 /* Assets.xcassets in Resources */ = {isa = PBXBuildFile; fileRef = 899E4305289D223500866A75 /* Assets.xcassets */; };
		899E4309289D223500866A75 /* LaunchScreen.storyboard in Resources */ = {isa = PBXBuildFile; fileRef = 899E4307289D223500866A75 /* LaunchScreen.storyboard */; };
		899E4314289D223500866A75 /* iOSPracticalTestProjectTests.swift in Sources */ = {isa = PBXBuildFile; fileRef = 899E4313289D223500866A75 /* iOSPracticalTestProjectTests.swift */; };
		899E431E289D223500866A75 /* iOSPracticalTestProjectUITests.swift in Sources */ = {isa = PBXBuildFile; fileRef = 899E431D289D223500866A75 /* iOSPracticalTestProjectUITests.swift */; };
		899E4320289D223500866A75 /* iOSPracticalTestProjectUITestsLaunchTests.swift in Sources */ = {isa = PBXBuildFile; fileRef = 899E431F289D223500866A75 /* iOSPracticalTestProjectUITestsLaunchTests.swift */; };
		899E432F289D22C000866A75 /* AppCoordinator.swift in Sources */ = {isa = PBXBuildFile; fileRef = 899E432E289D22C000866A75 /* AppCoordinator.swift */; };
		899E4333289D235D00866A75 /* MovieListTableViewCell.swift in Sources */ = {isa = PBXBuildFile; fileRef = 899E4332289D235D00866A75 /* MovieListTableViewCell.swift */; };
		899E4335289D23C500866A75 /* MovieListVCCoordinator.swift in Sources */ = {isa = PBXBuildFile; fileRef = 899E4334289D23C500866A75 /* MovieListVCCoordinator.swift */; };
		899E433A289D247500866A75 /* BaseViewController.swift in Sources */ = {isa = PBXBuildFile; fileRef = 899E4339289D247500866A75 /* BaseViewController.swift */; };
		899E433D289D24C700866A75 /* Coordinator.swift in Sources */ = {isa = PBXBuildFile; fileRef = 899E433C289D24C700866A75 /* Coordinator.swift */; };
		899E4341289D250200866A75 /* URLs.swift in Sources */ = {isa = PBXBuildFile; fileRef = 899E4340289D250200866A75 /* URLs.swift */; };
		899E4344289D252900866A75 /* Constants.swift in Sources */ = {isa = PBXBuildFile; fileRef = 899E4343289D252900866A75 /* Constants.swift */; };
		899E4346289D258800866A75 /* UIViewController+Extension.swift in Sources */ = {isa = PBXBuildFile; fileRef = 899E4345289D258800866A75 /* UIViewController+Extension.swift */; };
		899E4348289D25AF00866A75 /* URLRequest+Request.swift in Sources */ = {isa = PBXBuildFile; fileRef = 899E4347289D25AF00866A75 /* URLRequest+Request.swift */; };
		899E434B289D25DF00866A75 /* URLResponse+Extensions.swift in Sources */ = {isa = PBXBuildFile; fileRef = 899E434A289D25DF00866A75 /* URLResponse+Extensions.swift */; };
		899E434D289D25FF00866A75 /* JSONDecoder+Decoder.swift in Sources */ = {isa = PBXBuildFile; fileRef = 899E434C289D25FF00866A75 /* JSONDecoder+Decoder.swift */; };
		899E434F289D262400866A75 /* WebService.swift in Sources */ = {isa = PBXBuildFile; fileRef = 899E434E289D262400866A75 /* WebService.swift */; };
		899E4351289D264200866A75 /* HTTPStatusCode.swift in Sources */ = {isa = PBXBuildFile; fileRef = 899E4350289D264200866A75 /* HTTPStatusCode.swift */; };
		899E4355289D293600866A75 /* MovieList.swift in Sources */ = {isa = PBXBuildFile; fileRef = 899E4354289D293600866A75 /* MovieList.swift */; };
		899E4357289D29E000866A75 /* MovieListViewModel.swift in Sources */ = {isa = PBXBuildFile; fileRef = 899E4356289D29E000866A75 /* MovieListViewModel.swift */; };
		899E435A289D2AD200866A75 /* TableViewDataSource.swift in Sources */ = {isa = PBXBuildFile; fileRef = 899E4359289D2AD200866A75 /* TableViewDataSource.swift */; };
		899E435D289D2B4A00866A75 /* Reachability.swift in Sources */ = {isa = PBXBuildFile; fileRef = 899E435C289D2B4A00866A75 /* Reachability.swift */; };
		899E435F289D2BEC00866A75 /* ActivityIndicator.swift in Sources */ = {isa = PBXBuildFile; fileRef = 899E435E289D2BEC00866A75 /* ActivityIndicator.swift */; };
		899E4361289D2EC400866A75 /* ImageView+Extensions.swift in Sources */ = {isa = PBXBuildFile; fileRef = 899E4360289D2EC400866A75 /* ImageView+Extensions.swift */; };
		AED4152546A79CC5699461A8 /* Pods_iOSPracticalTestProject.framework in Frameworks */ = {isa = PBXBuildFile; fileRef = 4386F1D8729721594A9A0F8E /* Pods_iOSPracticalTestProject.framework */; };
		C582152700D0ADB2C1767047 /* Pods_iOSPracticalTestProject_iOSPracticalTestProjectUITests.framework in Frameworks */ = {isa = PBXBuildFile; fileRef = 3CA996CC205C1122BE32C4A7 /* Pods_iOSPracticalTestProject_iOSPracticalTestProjectUITests.framework */; };
/* End PBXBuildFile section */

/* Begin PBXContainerItemProxy section */
		899E4310289D223500866A75 /* PBXContainerItemProxy */ = {
			isa = PBXContainerItemProxy;
			containerPortal = 899E42F1289D223400866A75 /* Project object */;
			proxyType = 1;
			remoteGlobalIDString = 899E42F8289D223500866A75;
			remoteInfo = iOSPracticalTestProject;
		};
		899E431A289D223500866A75 /* PBXContainerItemProxy */ = {
			isa = PBXContainerItemProxy;
			containerPortal = 899E42F1289D223400866A75 /* Project object */;
			proxyType = 1;
			remoteGlobalIDString = 899E42F8289D223500866A75;
			remoteInfo = iOSPracticalTestProject;
		};
/* End PBXContainerItemProxy section */

/* Begin PBXFileReference section */
		005618FD542108044DD6E60C /* Pods-iOSPracticalTestProject-iOSPracticalTestProjectUITests.debug.xcconfig */ = {isa = PBXFileReference; includeInIndex = 1; lastKnownFileType = text.xcconfig; name = "Pods-iOSPracticalTestProject-iOSPracticalTestProjectUITests.debug.xcconfig"; path = "Target Support Files/Pods-iOSPracticalTestProject-iOSPracticalTestProjectUITests/Pods-iOSPracticalTestProject-iOSPracticalTestProjectUITests.debug.xcconfig"; sourceTree = "<group>"; };
		1A20E49C1AE19748E1E325F0 /* Pods-iOSPracticalTestProjectTests.debug.xcconfig */ = {isa = PBXFileReference; includeInIndex = 1; lastKnownFileType = text.xcconfig; name = "Pods-iOSPracticalTestProjectTests.debug.xcconfig"; path = "Target Support Files/Pods-iOSPracticalTestProjectTests/Pods-iOSPracticalTestProjectTests.debug.xcconfig"; sourceTree = "<group>"; };
		3B686DF8A248A2BEE21F4E18 /* Pods-iOSPracticalTestProjectTests.release.xcconfig */ = {isa = PBXFileReference; includeInIndex = 1; lastKnownFileType = text.xcconfig; name = "Pods-iOSPracticalTestProjectTests.release.xcconfig"; path = "Target Support Files/Pods-iOSPracticalTestProjectTests/Pods-iOSPracticalTestProjectTests.release.xcconfig"; sourceTree = "<group>"; };
		3CA996CC205C1122BE32C4A7 /* Pods_iOSPracticalTestProject_iOSPracticalTestProjectUITests.framework */ = {isa = PBXFileReference; explicitFileType = wrapper.framework; includeInIndex = 0; path = Pods_iOSPracticalTestProject_iOSPracticalTestProjectUITests.framework; sourceTree = BUILT_PRODUCTS_DIR; };
		4386F1D8729721594A9A0F8E /* Pods_iOSPracticalTestProject.framework */ = {isa = PBXFileReference; explicitFileType = wrapper.framework; includeInIndex = 0; path = Pods_iOSPracticalTestProject.framework; sourceTree = BUILT_PRODUCTS_DIR; };
		73132D6326EC8D32D56E7629 /* Pods-iOSPracticalTestProject.debug.xcconfig */ = {isa = PBXFileReference; includeInIndex = 1; lastKnownFileType = text.xcconfig; name = "Pods-iOSPracticalTestProject.debug.xcconfig"; path = "Target Support Files/Pods-iOSPracticalTestProject/Pods-iOSPracticalTestProject.debug.xcconfig"; sourceTree = "<group>"; };
		899E42F9289D223500866A75 /* iOSPracticalTestProject.app */ = {isa = PBXFileReference; explicitFileType = wrapper.application; includeInIndex = 0; path = iOSPracticalTestProject.app; sourceTree = BUILT_PRODUCTS_DIR; };
		899E42FC289D223500866A75 /* AppDelegate.swift */ = {isa = PBXFileReference; lastKnownFileType = sourcecode.swift; path = AppDelegate.swift; sourceTree = "<group>"; };
		899E42FE289D223500866A75 /* SceneDelegate.swift */ = {isa = PBXFileReference; lastKnownFileType = sourcecode.swift; path = SceneDelegate.swift; sourceTree = "<group>"; };
		899E4300289D223500866A75 /* MovieListViewController.swift */ = {isa = PBXFileReference; lastKnownFileType = sourcecode.swift; path = MovieListViewController.swift; sourceTree = "<group>"; };
		899E4303289D223500866A75 /* Base */ = {isa = PBXFileReference; lastKnownFileType = file.storyboard; name = Base; path = Base.lproj/Main.storyboard; sourceTree = "<group>"; };
		899E4305289D223500866A75 /* Assets.xcassets */ = {isa = PBXFileReference; lastKnownFileType = folder.assetcatalog; path = Assets.xcassets; sourceTree = "<group>"; };
		899E4308289D223500866A75 /* Base */ = {isa = PBXFileReference; lastKnownFileType = file.storyboard; name = Base; path = Base.lproj/LaunchScreen.storyboard; sourceTree = "<group>"; };
		899E430A289D223500866A75 /* Info.plist */ = {isa = PBXFileReference; lastKnownFileType = text.plist.xml; path = Info.plist; sourceTree = "<group>"; };
		899E430F289D223500866A75 /* iOSPracticalTestProjectTests.xctest */ = {isa = PBXFileReference; explicitFileType = wrapper.cfbundle; includeInIndex = 0; path = iOSPracticalTestProjectTests.xctest; sourceTree = BUILT_PRODUCTS_DIR; };
		899E4313289D223500866A75 /* iOSPracticalTestProjectTests.swift */ = {isa = PBXFileReference; lastKnownFileType = sourcecode.swift; path = iOSPracticalTestProjectTests.swift; sourceTree = "<group>"; };
		899E4319289D223500866A75 /* iOSPracticalTestProjectUITests.xctest */ = {isa = PBXFileReference; explicitFileType = wrapper.cfbundle; includeInIndex = 0; path = iOSPracticalTestProjectUITests.xctest; sourceTree = BUILT_PRODUCTS_DIR; };
		899E431D289D223500866A75 /* iOSPracticalTestProjectUITests.swift */ = {isa = PBXFileReference; lastKnownFileType = sourcecode.swift; path = iOSPracticalTestProjectUITests.swift; sourceTree = "<group>"; };
		899E431F289D223500866A75 /* iOSPracticalTestProjectUITestsLaunchTests.swift */ = {isa = PBXFileReference; lastKnownFileType = sourcecode.swift; path = iOSPracticalTestProjectUITestsLaunchTests.swift; sourceTree = "<group>"; };
		899E432E289D22C000866A75 /* AppCoordinator.swift */ = {isa = PBXFileReference; lastKnownFileType = sourcecode.swift; path = AppCoordinator.swift; sourceTree = "<group>"; };
		899E4332289D235D00866A75 /* MovieListTableViewCell.swift */ = {isa = PBXFileReference; lastKnownFileType = sourcecode.swift; path = MovieListTableViewCell.swift; sourceTree = "<group>"; };
		899E4334289D23C500866A75 /* MovieListVCCoordinator.swift */ = {isa = PBXFileReference; lastKnownFileType = sourcecode.swift; path = MovieListVCCoordinator.swift; sourceTree = "<group>"; };
		899E4339289D247500866A75 /* BaseViewController.swift */ = {isa = PBXFileReference; lastKnownFileType = sourcecode.swift; path = BaseViewController.swift; sourceTree = "<group>"; };
		899E433C289D24C700866A75 /* Coordinator.swift */ = {isa = PBXFileReference; lastKnownFileType = sourcecode.swift; path = Coordinator.swift; sourceTree = "<group>"; };
		899E4340289D250200866A75 /* URLs.swift */ = {isa = PBXFileReference; lastKnownFileType = sourcecode.swift; path = URLs.swift; sourceTree = "<group>"; };
		899E4343289D252900866A75 /* Constants.swift */ = {isa = PBXFileReference; lastKnownFileType = sourcecode.swift; path = Constants.swift; sourceTree = "<group>"; };
		899E4345289D258800866A75 /* UIViewController+Extension.swift */ = {isa = PBXFileReference; lastKnownFileType = sourcecode.swift; path = "UIViewController+Extension.swift"; sourceTree = "<group>"; };
		899E4347289D25AF00866A75 /* URLRequest+Request.swift */ = {isa = PBXFileReference; lastKnownFileType = sourcecode.swift; path = "URLRequest+Request.swift"; sourceTree = "<group>"; };
		899E434A289D25DF00866A75 /* URLResponse+Extensions.swift */ = {isa = PBXFileReference; lastKnownFileType = sourcecode.swift; path = "URLResponse+Extensions.swift"; sourceTree = "<group>"; };
		899E434C289D25FF00866A75 /* JSONDecoder+Decoder.swift */ = {isa = PBXFileReference; lastKnownFileType = sourcecode.swift; path = "JSONDecoder+Decoder.swift"; sourceTree = "<group>"; };
		899E434E289D262400866A75 /* WebService.swift */ = {isa = PBXFileReference; lastKnownFileType = sourcecode.swift; path = WebService.swift; sourceTree = "<group>"; };
		899E4350289D264200866A75 /* HTTPStatusCode.swift */ = {isa = PBXFileReference; lastKnownFileType = sourcecode.swift; path = HTTPStatusCode.swift; sourceTree = "<group>"; };
		899E4354289D293600866A75 /* MovieList.swift */ = {isa = PBXFileReference; lastKnownFileType = sourcecode.swift; path = MovieList.swift; sourceTree = "<group>"; };
		899E4356289D29E000866A75 /* MovieListViewModel.swift */ = {isa = PBXFileReference; lastKnownFileType = sourcecode.swift; path = MovieListViewModel.swift; sourceTree = "<group>"; };
		899E4359289D2AD200866A75 /* TableViewDataSource.swift */ = {isa = PBXFileReference; lastKnownFileType = sourcecode.swift; path = TableViewDataSource.swift; sourceTree = "<group>"; };
		899E435C289D2B4A00866A75 /* Reachability.swift */ = {isa = PBXFileReference; lastKnownFileType = sourcecode.swift; path = Reachability.swift; sourceTree = "<group>"; };
		899E435E289D2BEC00866A75 /* ActivityIndicator.swift */ = {isa = PBXFileReference; lastKnownFileType = sourcecode.swift; path = ActivityIndicator.swift; sourceTree = "<group>"; };
		899E4360289D2EC400866A75 /* ImageView+Extensions.swift */ = {isa = PBXFileReference; lastKnownFileType = sourcecode.swift; path = "ImageView+Extensions.swift"; sourceTree = "<group>"; };
		899E4362289D2F5300866A75 /* iOSPracticalTestProject-Bridging-Header.h */ = {isa = PBXFileReference; lastKnownFileType = sourcecode.c.h; path = "iOSPracticalTestProject-Bridging-Header.h"; sourceTree = "<group>"; };
		B40A07501A986F79418E3C14 /* Pods-iOSPracticalTestProject.release.xcconfig */ = {isa = PBXFileReference; includeInIndex = 1; lastKnownFileType = text.xcconfig; name = "Pods-iOSPracticalTestProject.release.xcconfig"; path = "Target Support Files/Pods-iOSPracticalTestProject/Pods-iOSPracticalTestProject.release.xcconfig"; sourceTree = "<group>"; };
		B41110091018ADC04CA9A6F7 /* Pods_iOSPracticalTestProjectTests.framework */ = {isa = PBXFileReference; explicitFileType = wrapper.framework; includeInIndex = 0; path = Pods_iOSPracticalTestProjectTests.framework; sourceTree = BUILT_PRODUCTS_DIR; };
		EAD7B553DD6715A8BAB318DF /* Pods-iOSPracticalTestProject-iOSPracticalTestProjectUITests.release.xcconfig */ = {isa = PBXFileReference; includeInIndex = 1; lastKnownFileType = text.xcconfig; name = "Pods-iOSPracticalTestProject-iOSPracticalTestProjectUITests.release.xcconfig"; path = "Target Support Files/Pods-iOSPracticalTestProject-iOSPracticalTestProjectUITests/Pods-iOSPracticalTestProject-iOSPracticalTestProjectUITests.release.xcconfig"; sourceTree = "<group>"; };
/* End PBXFileReference section */

/* Begin PBXFrameworksBuildPhase section */
		899E42F6289D223500866A75 /* Frameworks */ = {
			isa = PBXFrameworksBuildPhase;
			buildActionMask = 2147483647;
			files = (
				AED4152546A79CC5699461A8 /* Pods_iOSPracticalTestProject.framework in Frameworks */,
			);
			runOnlyForDeploymentPostprocessing = 0;
		};
		899E430C289D223500866A75 /* Frameworks */ = {
			isa = PBXFrameworksBuildPhase;
			buildActionMask = 2147483647;
			files = (
				7F1EB9D9C783AABF65177AD5 /* Pods_iOSPracticalTestProjectTests.framework in Frameworks */,
			);
			runOnlyForDeploymentPostprocessing = 0;
		};
		899E4316289D223500866A75 /* Frameworks */ = {
			isa = PBXFrameworksBuildPhase;
			buildActionMask = 2147483647;
			files = (
				C582152700D0ADB2C1767047 /* Pods_iOSPracticalTestProject_iOSPracticalTestProjectUITests.framework in Frameworks */,
			);
			runOnlyForDeploymentPostprocessing = 0;
		};
/* End PBXFrameworksBuildPhase section */

/* Begin PBXGroup section */
		899E42F0289D223400866A75 = {
			isa = PBXGroup;
			children = (
				899E42FB289D223500866A75 /* iOSPracticalTestProject */,
				899E4312289D223500866A75 /* iOSPracticalTestProjectTests */,
				899E431C289D223500866A75 /* iOSPracticalTestProjectUITests */,
				899E42FA289D223500866A75 /* Products */,
				A5DD8EF18C9AFCD7EC5C42E8 /* Pods */,
				91518FB004CDC54291AF1AD0 /* Frameworks */,
			);
			sourceTree = "<group>";
		};
		899E42FA289D223500866A75 /* Products */ = {
			isa = PBXGroup;
			children = (
				899E42F9289D223500866A75 /* iOSPracticalTestProject.app */,
				899E430F289D223500866A75 /* iOSPracticalTestProjectTests.xctest */,
				899E4319289D223500866A75 /* iOSPracticalTestProjectUITests.xctest */,
			);
			name = Products;
			sourceTree = "<group>";
		};
		899E42FB289D223500866A75 /* iOSPracticalTestProject */ = {
			isa = PBXGroup;
			children = (
				899E432C289D224000866A75 /* AppDelegates */,
				899E432D289D229C00866A75 /* MovieListScene */,
				899E4336289D241F00866A75 /* View */,
				899E4337289D243A00866A75 /* Shared */,
				899E4305289D223500866A75 /* Assets.xcassets */,
				899E4307289D223500866A75 /* LaunchScreen.storyboard */,
				899E430A289D223500866A75 /* Info.plist */,
				899E4362289D2F5300866A75 /* iOSPracticalTestProject-Bridging-Header.h */,
			);
			path = iOSPracticalTestProject;
			sourceTree = "<group>";
		};
		899E4312289D223500866A75 /* iOSPracticalTestProjectTests */ = {
			isa = PBXGroup;
			children = (
				899E4313289D223500866A75 /* iOSPracticalTestProjectTests.swift */,
			);
			path = iOSPracticalTestProjectTests;
			sourceTree = "<group>";
		};
		899E431C289D223500866A75 /* iOSPracticalTestProjectUITests */ = {
			isa = PBXGroup;
			children = (
				899E431D289D223500866A75 /* iOSPracticalTestProjectUITests.swift */,
				899E431F289D223500866A75 /* iOSPracticalTestProjectUITestsLaunchTests.swift */,
			);
			path = iOSPracticalTestProjectUITests;
			sourceTree = "<group>";
		};
		899E432C289D224000866A75 /* AppDelegates */ = {
			isa = PBXGroup;
			children = (
				899E42FC289D223500866A75 /* AppDelegate.swift */,
				899E42FE289D223500866A75 /* SceneDelegate.swift */,
				899E432E289D22C000866A75 /* AppCoordinator.swift */,
			);
			path = AppDelegates;
			sourceTree = "<group>";
		};
		899E432D289D229C00866A75 /* MovieListScene */ = {
			isa = PBXGroup;
			children = (
				899E4352289D291100866A75 /* Model */,
				899E4331289D232400866A75 /* View */,
				899E4353289D291700866A75 /* ViewModel */,
				899E4330289D231800866A75 /* Controller */,
			);
			path = MovieListScene;
			sourceTree = "<group>";
		};
		899E4330289D231800866A75 /* Controller */ = {
			isa = PBXGroup;
			children = (
				899E4300289D223500866A75 /* MovieListViewController.swift */,
				899E4334289D23C500866A75 /* MovieListVCCoordinator.swift */,
			);
			path = Controller;
			sourceTree = "<group>";
		};
		899E4331289D232400866A75 /* View */ = {
			isa = PBXGroup;
			children = (
				899E4332289D235D00866A75 /* MovieListTableViewCell.swift */,
			);
			path = View;
			sourceTree = "<group>";
		};
		899E4336289D241F00866A75 /* View */ = {
			isa = PBXGroup;
			children = (
				899E4302289D223500866A75 /* Main.storyboard */,
			);
			path = View;
			sourceTree = "<group>";
		};
		899E4337289D243A00866A75 /* Shared */ = {
			isa = PBXGroup;
			children = (
				899E4349289D25C500866A75 /* WebService */,
				899E4342289D251700866A75 /* Extensions */,
				899E433B289D24AE00866A75 /* Protocol */,
				899E4358289D2AAE00866A75 /* DataSource */,
				899E4338289D245800866A75 /* BaseViewController */,
				899E433E289D24E600866A75 /* API */,
				899E433F289D24EC00866A75 /* Constants */,
				899E435B289D2B0C00866A75 /* Helper */,
			);
			path = Shared;
			sourceTree = "<group>";
		};
		899E4338289D245800866A75 /* BaseViewController */ = {
			isa = PBXGroup;
			children = (
				899E4339289D247500866A75 /* BaseViewController.swift */,
			);
			path = BaseViewController;
			sourceTree = "<group>";
		};
		899E433B289D24AE00866A75 /* Protocol */ = {
			isa = PBXGroup;
			children = (
				899E433C289D24C700866A75 /* Coordinator.swift */,
			);
			path = Protocol;
			sourceTree = "<group>";
		};
		899E433E289D24E600866A75 /* API */ = {
			isa = PBXGroup;
			children = (
				899E4340289D250200866A75 /* URLs.swift */,
			);
			path = API;
			sourceTree = "<group>";
		};
		899E433F289D24EC00866A75 /* Constants */ = {
			isa = PBXGroup;
			children = (
				899E4343289D252900866A75 /* Constants.swift */,
			);
			path = Constants;
			sourceTree = "<group>";
		};
		899E4342289D251700866A75 /* Extensions */ = {
			isa = PBXGroup;
			children = (
				899E4345289D258800866A75 /* UIViewController+Extension.swift */,
				899E4347289D25AF00866A75 /* URLRequest+Request.swift */,
				899E434A289D25DF00866A75 /* URLResponse+Extensions.swift */,
				899E434C289D25FF00866A75 /* JSONDecoder+Decoder.swift */,
				899E4360289D2EC400866A75 /* ImageView+Extensions.swift */,
			);
			path = Extensions;
			sourceTree = "<group>";
		};
		899E4349289D25C500866A75 /* WebService */ = {
			isa = PBXGroup;
			children = (
				899E434E289D262400866A75 /* WebService.swift */,
				899E4350289D264200866A75 /* HTTPStatusCode.swift */,
			);
			path = WebService;
			sourceTree = "<group>";
		};
		899E4352289D291100866A75 /* Model */ = {
			isa = PBXGroup;
			children = (
				899E4354289D293600866A75 /* MovieList.swift */,
			);
			path = Model;
			sourceTree = "<group>";
		};
		899E4353289D291700866A75 /* ViewModel */ = {
			isa = PBXGroup;
			children = (
				899E4356289D29E000866A75 /* MovieListViewModel.swift */,
			);
			path = ViewModel;
			sourceTree = "<group>";
		};
		899E4358289D2AAE00866A75 /* DataSource */ = {
			isa = PBXGroup;
			children = (
				899E4359289D2AD200866A75 /* TableViewDataSource.swift */,
			);
			path = DataSource;
			sourceTree = "<group>";
		};
		899E435B289D2B0C00866A75 /* Helper */ = {
			isa = PBXGroup;
			children = (
				899E435C289D2B4A00866A75 /* Reachability.swift */,
				899E435E289D2BEC00866A75 /* ActivityIndicator.swift */,
			);
			path = Helper;
			sourceTree = "<group>";
		};
		91518FB004CDC54291AF1AD0 /* Frameworks */ = {
			isa = PBXGroup;
			children = (
				4386F1D8729721594A9A0F8E /* Pods_iOSPracticalTestProject.framework */,
				3CA996CC205C1122BE32C4A7 /* Pods_iOSPracticalTestProject_iOSPracticalTestProjectUITests.framework */,
				B41110091018ADC04CA9A6F7 /* Pods_iOSPracticalTestProjectTests.framework */,
			);
			name = Frameworks;
			sourceTree = "<group>";
		};
		A5DD8EF18C9AFCD7EC5C42E8 /* Pods */ = {
			isa = PBXGroup;
			children = (
				73132D6326EC8D32D56E7629 /* Pods-iOSPracticalTestProject.debug.xcconfig */,
				B40A07501A986F79418E3C14 /* Pods-iOSPracticalTestProject.release.xcconfig */,
				005618FD542108044DD6E60C /* Pods-iOSPracticalTestProject-iOSPracticalTestProjectUITests.debug.xcconfig */,
				EAD7B553DD6715A8BAB318DF /* Pods-iOSPracticalTestProject-iOSPracticalTestProjectUITests.release.xcconfig */,
				1A20E49C1AE19748E1E325F0 /* Pods-iOSPracticalTestProjectTests.debug.xcconfig */,
				3B686DF8A248A2BEE21F4E18 /* Pods-iOSPracticalTestProjectTests.release.xcconfig */,
			);
			path = Pods;
			sourceTree = "<group>";
		};
/* End PBXGroup section */

/* Begin PBXNativeTarget section */
		899E42F8289D223500866A75 /* iOSPracticalTestProject */ = {
			isa = PBXNativeTarget;
			buildConfigurationList = 899E4323289D223500866A75 /* Build configuration list for PBXNativeTarget "iOSPracticalTestProject" */;
			buildPhases = (
				A697B4D1DD36DA8E14E8FF93 /* [CP] Check Pods Manifest.lock */,
				899E42F5289D223500866A75 /* Sources */,
				899E42F6289D223500866A75 /* Frameworks */,
				899E42F7289D223500866A75 /* Resources */,
				6A9273DFE37025967C54AA7D /* [CP] Embed Pods Frameworks */,
			);
			buildRules = (
			);
			dependencies = (
			);
			name = iOSPracticalTestProject;
			productName = iOSPracticalTestProject;
			productReference = 899E42F9289D223500866A75 /* iOSPracticalTestProject.app */;
			productType = "com.apple.product-type.application";
		};
		899E430E289D223500866A75 /* iOSPracticalTestProjectTests */ = {
			isa = PBXNativeTarget;
			buildConfigurationList = 899E4326289D223500866A75 /* Build configuration list for PBXNativeTarget "iOSPracticalTestProjectTests" */;
			buildPhases = (
				D8F48F08B35DC4B435A52E8C /* [CP] Check Pods Manifest.lock */,
				899E430B289D223500866A75 /* Sources */,
				899E430C289D223500866A75 /* Frameworks */,
				899E430D289D223500866A75 /* Resources */,
			);
			buildRules = (
			);
			dependencies = (
				899E4311289D223500866A75 /* PBXTargetDependency */,
			);
			name = iOSPracticalTestProjectTests;
			productName = iOSPracticalTestProjectTests;
			productReference = 899E430F289D223500866A75 /* iOSPracticalTestProjectTests.xctest */;
			productType = "com.apple.product-type.bundle.unit-test";
		};
		899E4318289D223500866A75 /* iOSPracticalTestProjectUITests */ = {
			isa = PBXNativeTarget;
			buildConfigurationList = 899E4329289D223500866A75 /* Build configuration list for PBXNativeTarget "iOSPracticalTestProjectUITests" */;
			buildPhases = (
				E69FE54D5AEFC85D32E5B0F6 /* [CP] Check Pods Manifest.lock */,
				899E4315289D223500866A75 /* Sources */,
				899E4316289D223500866A75 /* Frameworks */,
				899E4317289D223500866A75 /* Resources */,
				79B502EAA64CB3EF1D4976D5 /* [CP] Embed Pods Frameworks */,
			);
			buildRules = (
			);
			dependencies = (
				899E431B289D223500866A75 /* PBXTargetDependency */,
			);
			name = iOSPracticalTestProjectUITests;
			productName = iOSPracticalTestProjectUITests;
			productReference = 899E4319289D223500866A75 /* iOSPracticalTestProjectUITests.xctest */;
			productType = "com.apple.product-type.bundle.ui-testing";
		};
/* End PBXNativeTarget section */

/* Begin PBXProject section */
		899E42F1289D223400866A75 /* Project object */ = {
			isa = PBXProject;
			attributes = {
				BuildIndependentTargetsInParallel = 1;
				LastSwiftUpdateCheck = 1340;
				LastUpgradeCheck = 1340;
				TargetAttributes = {
					899E42F8289D223500866A75 = {
						CreatedOnToolsVersion = 13.4;
						LastSwiftMigration = 1340;
					};
					899E430E289D223500866A75 = {
						CreatedOnToolsVersion = 13.4;
						TestTargetID = 899E42F8289D223500866A75;
					};
					899E4318289D223500866A75 = {
						CreatedOnToolsVersion = 13.4;
						TestTargetID = 899E42F8289D223500866A75;
					};
				};
			};
			buildConfigurationList = 899E42F4289D223400866A75 /* Build configuration list for PBXProject "iOSPracticalTestProject" */;
			compatibilityVersion = "Xcode 13.0";
			developmentRegion = en;
			hasScannedForEncodings = 0;
			knownRegions = (
				en,
				Base,
			);
			mainGroup = 899E42F0289D223400866A75;
			productRefGroup = 899E42FA289D223500866A75 /* Products */;
			projectDirPath = "";
			projectRoot = "";
			targets = (
				899E42F8289D223500866A75 /* iOSPracticalTestProject */,
				899E430E289D223500866A75 /* iOSPracticalTestProjectTests */,
				899E4318289D223500866A75 /* iOSPracticalTestProjectUITests */,
			);
		};
/* End PBXProject section */

/* Begin PBXResourcesBuildPhase section */
		899E42F7289D223500866A75 /* Resources */ = {
			isa = PBXResourcesBuildPhase;
			buildActionMask = 2147483647;
			files = (
				899E4309289D223500866A75 /* LaunchScreen.storyboard in Resources */,
				899E4306289D223500866A75 /* Assets.xcassets in Resources */,
				899E4304289D223500866A75 /* Main.storyboard in Resources */,
			);
			runOnlyForDeploymentPostprocessing = 0;
		};
		899E430D289D223500866A75 /* Resources */ = {
			isa = PBXResourcesBuildPhase;
			buildActionMask = 2147483647;
			files = (
			);
			runOnlyForDeploymentPostprocessing = 0;
		};
		899E4317289D223500866A75 /* Resources */ = {
			isa = PBXResourcesBuildPhase;
			buildActionMask = 2147483647;
			files = (
			);
			runOnlyForDeploymentPostprocessing = 0;
		};
/* End PBXResourcesBuildPhase section */

/* Begin PBXShellScriptBuildPhase section */
		6A9273DFE37025967C54AA7D /* [CP] Embed Pods Frameworks */ = {
			isa = PBXShellScriptBuildPhase;
			buildActionMask = 2147483647;
			files = (
			);
			inputFileListPaths = (
				"${PODS_ROOT}/Target Support Files/Pods-iOSPracticalTestProject/Pods-iOSPracticalTestProject-frameworks-${CONFIGURATION}-input-files.xcfilelist",
			);
			name = "[CP] Embed Pods Frameworks";
			outputFileListPaths = (
				"${PODS_ROOT}/Target Support Files/Pods-iOSPracticalTestProject/Pods-iOSPracticalTestProject-frameworks-${CONFIGURATION}-output-files.xcfilelist",
			);
			runOnlyForDeploymentPostprocessing = 0;
			shellPath = /bin/sh;
			shellScript = "\"${PODS_ROOT}/Target Support Files/Pods-iOSPracticalTestProject/Pods-iOSPracticalTestProject-frameworks.sh\"\n";
			showEnvVarsInLog = 0;
		};
		79B502EAA64CB3EF1D4976D5 /* [CP] Embed Pods Frameworks */ = {
			isa = PBXShellScriptBuildPhase;
			buildActionMask = 2147483647;
			files = (
			);
			inputFileListPaths = (
				"${PODS_ROOT}/Target Support Files/Pods-iOSPracticalTestProject-iOSPracticalTestProjectUITests/Pods-iOSPracticalTestProject-iOSPracticalTestProjectUITests-frameworks-${CONFIGURATION}-input-files.xcfilelist",
			);
			name = "[CP] Embed Pods Frameworks";
			outputFileListPaths = (
				"${PODS_ROOT}/Target Support Files/Pods-iOSPracticalTestProject-iOSPracticalTestProjectUITests/Pods-iOSPracticalTestProject-iOSPracticalTestProjectUITests-frameworks-${CONFIGURATION}-output-files.xcfilelist",
			);
			runOnlyForDeploymentPostprocessing = 0;
			shellPath = /bin/sh;
			shellScript = "\"${PODS_ROOT}/Target Support Files/Pods-iOSPracticalTestProject-iOSPracticalTestProjectUITests/Pods-iOSPracticalTestProject-iOSPracticalTestProjectUITests-frameworks.sh\"\n";
			showEnvVarsInLog = 0;
		};
		A697B4D1DD36DA8E14E8FF93 /* [CP] Check Pods Manifest.lock */ = {
			isa = PBXShellScriptBuildPhase;
			buildActionMask = 2147483647;
			files = (
			);
			inputFileListPaths = (
			);
			inputPaths = (
				"${PODS_PODFILE_DIR_PATH}/Podfile.lock",
				"${PODS_ROOT}/Manifest.lock",
			);
			name = "[CP] Check Pods Manifest.lock";
			outputFileListPaths = (
			);
			outputPaths = (
				"$(DERIVED_FILE_DIR)/Pods-iOSPracticalTestProject-checkManifestLockResult.txt",
			);
			runOnlyForDeploymentPostprocessing = 0;
			shellPath = /bin/sh;
			shellScript = "diff \"${PODS_PODFILE_DIR_PATH}/Podfile.lock\" \"${PODS_ROOT}/Manifest.lock\" > /dev/null\nif [ $? != 0 ] ; then\n    # print error to STDERR\n    echo \"error: The sandbox is not in sync with the Podfile.lock. Run 'pod install' or update your CocoaPods installation.\" >&2\n    exit 1\nfi\n# This output is used by Xcode 'outputs' to avoid re-running this script phase.\necho \"SUCCESS\" > \"${SCRIPT_OUTPUT_FILE_0}\"\n";
			showEnvVarsInLog = 0;
		};
		D8F48F08B35DC4B435A52E8C /* [CP] Check Pods Manifest.lock */ = {
			isa = PBXShellScriptBuildPhase;
			buildActionMask = 2147483647;
			files = (
			);
			inputFileListPaths = (
			);
			inputPaths = (
				"${PODS_PODFILE_DIR_PATH}/Podfile.lock",
				"${PODS_ROOT}/Manifest.lock",
			);
			name = "[CP] Check Pods Manifest.lock";
			outputFileListPaths = (
			);
			outputPaths = (
				"$(DERIVED_FILE_DIR)/Pods-iOSPracticalTestProjectTests-checkManifestLockResult.txt",
			);
			runOnlyForDeploymentPostprocessing = 0;
			shellPath = /bin/sh;
			shellScript = "diff \"${PODS_PODFILE_DIR_PATH}/Podfile.lock\" \"${PODS_ROOT}/Manifest.lock\" > /dev/null\nif [ $? != 0 ] ; then\n    # print error to STDERR\n    echo \"error: The sandbox is not in sync with the Podfile.lock. Run 'pod install' or update your CocoaPods installation.\" >&2\n    exit 1\nfi\n# This output is used by Xcode 'outputs' to avoid re-running this script phase.\necho \"SUCCESS\" > \"${SCRIPT_OUTPUT_FILE_0}\"\n";
			showEnvVarsInLog = 0;
		};
		E69FE54D5AEFC85D32E5B0F6 /* [CP] Check Pods Manifest.lock */ = {
			isa = PBXShellScriptBuildPhase;
			buildActionMask = 2147483647;
			files = (
			);
			inputFileListPaths = (
			);
			inputPaths = (
				"${PODS_PODFILE_DIR_PATH}/Podfile.lock",
				"${PODS_ROOT}/Manifest.lock",
			);
			name = "[CP] Check Pods Manifest.lock";
			outputFileListPaths = (
			);
			outputPaths = (
				"$(DERIVED_FILE_DIR)/Pods-iOSPracticalTestProject-iOSPracticalTestProjectUITests-checkManifestLockResult.txt",
			);
			runOnlyForDeploymentPostprocessing = 0;
			shellPath = /bin/sh;
			shellScript = "diff \"${PODS_PODFILE_DIR_PATH}/Podfile.lock\" \"${PODS_ROOT}/Manifest.lock\" > /dev/null\nif [ $? != 0 ] ; then\n    # print error to STDERR\n    echo \"error: The sandbox is not in sync with the Podfile.lock. Run 'pod install' or update your CocoaPods installation.\" >&2\n    exit 1\nfi\n# This output is used by Xcode 'outputs' to avoid re-running this script phase.\necho \"SUCCESS\" > \"${SCRIPT_OUTPUT_FILE_0}\"\n";
			showEnvVarsInLog = 0;
		};
/* End PBXShellScriptBuildPhase section */

/* Begin PBXSourcesBuildPhase section */
		899E42F5289D223500866A75 /* Sources */ = {
			isa = PBXSourcesBuildPhase;
			buildActionMask = 2147483647;
			files = (
				899E4361289D2EC400866A75 /* ImageView+Extensions.swift in Sources */,
				899E433D289D24C700866A75 /* Coordinator.swift in Sources */,
				899E4346289D258800866A75 /* UIViewController+Extension.swift in Sources */,
				899E4341289D250200866A75 /* URLs.swift in Sources */,
				899E434F289D262400866A75 /* WebService.swift in Sources */,
				899E435F289D2BEC00866A75 /* ActivityIndicator.swift in Sources */,
				899E4355289D293600866A75 /* MovieList.swift in Sources */,
				899E432F289D22C000866A75 /* AppCoordinator.swift in Sources */,
				899E4301289D223500866A75 /* MovieListViewController.swift in Sources */,
				899E4335289D23C500866A75 /* MovieListVCCoordinator.swift in Sources */,
				899E4344289D252900866A75 /* Constants.swift in Sources */,
				899E4348289D25AF00866A75 /* URLRequest+Request.swift in Sources */,
				899E42FD289D223500866A75 /* AppDelegate.swift in Sources */,
				899E434D289D25FF00866A75 /* JSONDecoder+Decoder.swift in Sources */,
				899E434B289D25DF00866A75 /* URLResponse+Extensions.swift in Sources */,
				899E4333289D235D00866A75 /* MovieListTableViewCell.swift in Sources */,
				899E433A289D247500866A75 /* BaseViewController.swift in Sources */,
				899E4351289D264200866A75 /* HTTPStatusCode.swift in Sources */,
				899E42FF289D223500866A75 /* SceneDelegate.swift in Sources */,
				899E435A289D2AD200866A75 /* TableViewDataSource.swift in Sources */,
				899E435D289D2B4A00866A75 /* Reachability.swift in Sources */,
				899E4357289D29E000866A75 /* MovieListViewModel.swift in Sources */,
			);
			runOnlyForDeploymentPostprocessing = 0;
		};
		899E430B289D223500866A75 /* Sources */ = {
			isa = PBXSourcesBuildPhase;
			buildActionMask = 2147483647;
			files = (
				899E4314289D223500866A75 /* iOSPracticalTestProjectTests.swift in Sources */,
			);
			runOnlyForDeploymentPostprocessing = 0;
		};
		899E4315289D223500866A75 /* Sources */ = {
			isa = PBXSourcesBuildPhase;
			buildActionMask = 2147483647;
			files = (
				899E4320289D223500866A75 /* iOSPracticalTestProjectUITestsLaunchTests.swift in Sources */,
				899E431E289D223500866A75 /* iOSPracticalTestProjectUITests.swift in Sources */,
			);
			runOnlyForDeploymentPostprocessing = 0;
		};
/* End PBXSourcesBuildPhase section */

/* Begin PBXTargetDependency section */
		899E4311289D223500866A75 /* PBXTargetDependency */ = {
			isa = PBXTargetDependency;
			target = 899E42F8289D223500866A75 /* iOSPracticalTestProject */;
			targetProxy = 899E4310289D223500866A75 /* PBXContainerItemProxy */;
		};
		899E431B289D223500866A75 /* PBXTargetDependency */ = {
			isa = PBXTargetDependency;
			target = 899E42F8289D223500866A75 /* iOSPracticalTestProject */;
			targetProxy = 899E431A289D223500866A75 /* PBXContainerItemProxy */;
		};
/* End PBXTargetDependency section */

/* Begin PBXVariantGroup section */
		899E4302289D223500866A75 /* Main.storyboard */ = {
			isa = PBXVariantGroup;
			children = (
				899E4303289D223500866A75 /* Base */,
			);
			name = Main.storyboard;
			sourceTree = "<group>";
		};
		899E4307289D223500866A75 /* LaunchScreen.storyboard */ = {
			isa = PBXVariantGroup;
			children = (
				899E4308289D223500866A75 /* Base */,
			);
			name = LaunchScreen.storyboard;
			sourceTree = "<group>";
		};
/* End PBXVariantGroup section */

/* Begin XCBuildConfiguration section */
		899E4321289D223500866A75 /* Debug */ = {
			isa = XCBuildConfiguration;
			buildSettings = {
				ALWAYS_SEARCH_USER_PATHS = NO;
				CLANG_ANALYZER_NONNULL = YES;
				CLANG_ANALYZER_NUMBER_OBJECT_CONVERSION = YES_AGGRESSIVE;
				CLANG_CXX_LANGUAGE_STANDARD = "gnu++17";
				CLANG_ENABLE_MODULES = YES;
				CLANG_ENABLE_OBJC_ARC = YES;
				CLANG_ENABLE_OBJC_WEAK = YES;
				CLANG_WARN_BLOCK_CAPTURE_AUTORELEASING = YES;
				CLANG_WARN_BOOL_CONVERSION = YES;
				CLANG_WARN_COMMA = YES;
				CLANG_WARN_CONSTANT_CONVERSION = YES;
				CLANG_WARN_DEPRECATED_OBJC_IMPLEMENTATIONS = YES;
				CLANG_WARN_DIRECT_OBJC_ISA_USAGE = YES_ERROR;
				CLANG_WARN_DOCUMENTATION_COMMENTS = YES;
				CLANG_WARN_EMPTY_BODY = YES;
				CLANG_WARN_ENUM_CONVERSION = YES;
				CLANG_WARN_INFINITE_RECURSION = YES;
				CLANG_WARN_INT_CONVERSION = YES;
				CLANG_WARN_NON_LITERAL_NULL_CONVERSION = YES;
				CLANG_WARN_OBJC_IMPLICIT_RETAIN_SELF = YES;
				CLANG_WARN_OBJC_LITERAL_CONVERSION = YES;
				CLANG_WARN_OBJC_ROOT_CLASS = YES_ERROR;
				CLANG_WARN_QUOTED_INCLUDE_IN_FRAMEWORK_HEADER = YES;
				CLANG_WARN_RANGE_LOOP_ANALYSIS = YES;
				CLANG_WARN_STRICT_PROTOTYPES = YES;
				CLANG_WARN_SUSPICIOUS_MOVE = YES;
				CLANG_WARN_UNGUARDED_AVAILABILITY = YES_AGGRESSIVE;
				CLANG_WARN_UNREACHABLE_CODE = YES;
				CLANG_WARN__DUPLICATE_METHOD_MATCH = YES;
				COPY_PHASE_STRIP = NO;
				DEBUG_INFORMATION_FORMAT = dwarf;
				ENABLE_STRICT_OBJC_MSGSEND = YES;
				ENABLE_TESTABILITY = YES;
				GCC_C_LANGUAGE_STANDARD = gnu11;
				GCC_DYNAMIC_NO_PIC = NO;
				GCC_NO_COMMON_BLOCKS = YES;
				GCC_OPTIMIZATION_LEVEL = 0;
				GCC_PREPROCESSOR_DEFINITIONS = (
					"DEBUG=1",
					"$(inherited)",
				);
				GCC_WARN_64_TO_32_BIT_CONVERSION = YES;
				GCC_WARN_ABOUT_RETURN_TYPE = YES_ERROR;
				GCC_WARN_UNDECLARED_SELECTOR = YES;
				GCC_WARN_UNINITIALIZED_AUTOS = YES_AGGRESSIVE;
				GCC_WARN_UNUSED_FUNCTION = YES;
				GCC_WARN_UNUSED_VARIABLE = YES;
				IPHONEOS_DEPLOYMENT_TARGET = 13.1;
				MTL_ENABLE_DEBUG_INFO = INCLUDE_SOURCE;
				MTL_FAST_MATH = YES;
				ONLY_ACTIVE_ARCH = YES;
				SDKROOT = iphoneos;
				SWIFT_ACTIVE_COMPILATION_CONDITIONS = DEBUG;
				SWIFT_OPTIMIZATION_LEVEL = "-Onone";
			};
			name = Debug;
		};
		899E4322289D223500866A75 /* Release */ = {
			isa = XCBuildConfiguration;
			buildSettings = {
				ALWAYS_SEARCH_USER_PATHS = NO;
				CLANG_ANALYZER_NONNULL = YES;
				CLANG_ANALYZER_NUMBER_OBJECT_CONVERSION = YES_AGGRESSIVE;
				CLANG_CXX_LANGUAGE_STANDARD = "gnu++17";
				CLANG_ENABLE_MODULES = YES;
				CLANG_ENABLE_OBJC_ARC = YES;
				CLANG_ENABLE_OBJC_WEAK = YES;
				CLANG_WARN_BLOCK_CAPTURE_AUTORELEASING = YES;
				CLANG_WARN_BOOL_CONVERSION = YES;
				CLANG_WARN_COMMA = YES;
				CLANG_WARN_CONSTANT_CONVERSION = YES;
				CLANG_WARN_DEPRECATED_OBJC_IMPLEMENTATIONS = YES;
				CLANG_WARN_DIRECT_OBJC_ISA_USAGE = YES_ERROR;
				CLANG_WARN_DOCUMENTATION_COMMENTS = YES;
				CLANG_WARN_EMPTY_BODY = YES;
				CLANG_WARN_ENUM_CONVERSION = YES;
				CLANG_WARN_INFINITE_RECURSION = YES;
				CLANG_WARN_INT_CONVERSION = YES;
				CLANG_WARN_NON_LITERAL_NULL_CONVERSION = YES;
				CLANG_WARN_OBJC_IMPLICIT_RETAIN_SELF = YES;
				CLANG_WARN_OBJC_LITERAL_CONVERSION = YES;
				CLANG_WARN_OBJC_ROOT_CLASS = YES_ERROR;
				CLANG_WARN_QUOTED_INCLUDE_IN_FRAMEWORK_HEADER = YES;
				CLANG_WARN_RANGE_LOOP_ANALYSIS = YES;
				CLANG_WARN_STRICT_PROTOTYPES = YES;
				CLANG_WARN_SUSPICIOUS_MOVE = YES;
				CLANG_WARN_UNGUARDED_AVAILABILITY = YES_AGGRESSIVE;
				CLANG_WARN_UNREACHABLE_CODE = YES;
				CLANG_WARN__DUPLICATE_METHOD_MATCH = YES;
				COPY_PHASE_STRIP = NO;
				DEBUG_INFORMATION_FORMAT = "dwarf-with-dsym";
				ENABLE_NS_ASSERTIONS = NO;
				ENABLE_STRICT_OBJC_MSGSEND = YES;
				GCC_C_LANGUAGE_STANDARD = gnu11;
				GCC_NO_COMMON_BLOCKS = YES;
				GCC_WARN_64_TO_32_BIT_CONVERSION = YES;
				GCC_WARN_ABOUT_RETURN_TYPE = YES_ERROR;
				GCC_WARN_UNDECLARED_SELECTOR = YES;
				GCC_WARN_UNINITIALIZED_AUTOS = YES_AGGRESSIVE;
				GCC_WARN_UNUSED_FUNCTION = YES;
				GCC_WARN_UNUSED_VARIABLE = YES;
				IPHONEOS_DEPLOYMENT_TARGET = 13.1;
				MTL_ENABLE_DEBUG_INFO = NO;
				MTL_FAST_MATH = YES;
				SDKROOT = iphoneos;
				SWIFT_COMPILATION_MODE = wholemodule;
				SWIFT_OPTIMIZATION_LEVEL = "-O";
				VALIDATE_PRODUCT = YES;
			};
			name = Release;
		};
		899E4324289D223500866A75 /* Debug */ = {
			isa = XCBuildConfiguration;
			baseConfigurationReference = 73132D6326EC8D32D56E7629 /* Pods-iOSPracticalTestProject.debug.xcconfig */;
			buildSettings = {
				ASSETCATALOG_COMPILER_APPICON_NAME = AppIcon;
				ASSETCATALOG_COMPILER_GLOBAL_ACCENT_COLOR_NAME = AccentColor;
				CLANG_ENABLE_MODULES = YES;
				CODE_SIGN_STYLE = Automatic;
				CURRENT_PROJECT_VERSION = 1;
				DEVELOPMENT_TEAM = L39D7LSFLU;
				GENERATE_INFOPLIST_FILE = YES;
				INFOPLIST_FILE = iOSPracticalTestProject/Info.plist;
				INFOPLIST_KEY_UIApplicationSupportsIndirectInputEvents = YES;
				INFOPLIST_KEY_UILaunchStoryboardName = LaunchScreen;
				INFOPLIST_KEY_UIMainStoryboardFile = Main;
				INFOPLIST_KEY_UISupportedInterfaceOrientations_iPad = "UIInterfaceOrientationPortrait UIInterfaceOrientationPortraitUpsideDown UIInterfaceOrientationLandscapeLeft UIInterfaceOrientationLandscapeRight";
				INFOPLIST_KEY_UISupportedInterfaceOrientations_iPhone = "UIInterfaceOrientationPortrait UIInterfaceOrientationLandscapeLeft UIInterfaceOrientationLandscapeRight";
				IPHONEOS_DEPLOYMENT_TARGET = 13.1;
				LD_RUNPATH_SEARCH_PATHS = (
					"$(inherited)",
					"@executable_path/Frameworks",
				);
				MARKETING_VERSION = 1.0;
				PRODUCT_BUNDLE_IDENTIFIER = com.moshiour.iOSPracticalTestProject;
				PRODUCT_NAME = "$(TARGET_NAME)";
				SWIFT_EMIT_LOC_STRINGS = YES;
				SWIFT_OBJC_BRIDGING_HEADER = "iOSPracticalTestProject/iOSPracticalTestProject-Bridging-Header.h";
				SWIFT_OPTIMIZATION_LEVEL = "-Onone";
				SWIFT_VERSION = 5.0;
				TARGETED_DEVICE_FAMILY = "1,2";
			};
			name = Debug;
		};
		899E4325289D223500866A75 /* Release */ = {
			isa = XCBuildConfiguration;
			baseConfigurationReference = B40A07501A986F79418E3C14 /* Pods-iOSPracticalTestProject.release.xcconfig */;
			buildSettings = {
				ASSETCATALOG_COMPILER_APPICON_NAME = AppIcon;
				ASSETCATALOG_COMPILER_GLOBAL_ACCENT_COLOR_NAME = AccentColor;
				CLANG_ENABLE_MODULES = YES;
				CODE_SIGN_STYLE = Automatic;
				CURRENT_PROJECT_VERSION = 1;
				DEVELOPMENT_TEAM = L39D7LSFLU;
				GENERATE_INFOPLIST_FILE = YES;
				INFOPLIST_FILE = iOSPracticalTestProject/Info.plist;
				INFOPLIST_KEY_UIApplicationSupportsIndirectInputEvents = YES;
				INFOPLIST_KEY_UILaunchStoryboardName = LaunchScreen;
				INFOPLIST_KEY_UIMainStoryboardFile = Main;
				INFOPLIST_KEY_UISupportedInterfaceOrientations_iPad = "UIInterfaceOrientationPortrait UIInterfaceOrientationPortraitUpsideDown UIInterfaceOrientationLandscapeLeft UIInterfaceOrientationLandscapeRight";
				INFOPLIST_KEY_UISupportedInterfaceOrientations_iPhone = "UIInterfaceOrientationPortrait UIInterfaceOrientationLandscapeLeft UIInterfaceOrientationLandscapeRight";
				IPHONEOS_DEPLOYMENT_TARGET = 13.1;
				LD_RUNPATH_SEARCH_PATHS = (
					"$(inherited)",
					"@executable_path/Frameworks",
				);
				MARKETING_VERSION = 1.0;
				PRODUCT_BUNDLE_IDENTIFIER = com.moshiour.iOSPracticalTestProject;
				PRODUCT_NAME = "$(TARGET_NAME)";
				SWIFT_EMIT_LOC_STRINGS = YES;
				SWIFT_OBJC_BRIDGING_HEADER = "iOSPracticalTestProject/iOSPracticalTestProject-Bridging-Header.h";
				SWIFT_VERSION = 5.0;
				TARGETED_DEVICE_FAMILY = "1,2";
			};
			name = Release;
		};
		899E4327289D223500866A75 /* Debug */ = {
			isa = XCBuildConfiguration;
			baseConfigurationReference = 1A20E49C1AE19748E1E325F0 /* Pods-iOSPracticalTestProjectTests.debug.xcconfig */;
			buildSettings = {
				ALWAYS_EMBED_SWIFT_STANDARD_LIBRARIES = YES;
				BUNDLE_LOADER = "$(TEST_HOST)";
				CODE_SIGN_STYLE = Automatic;
				CURRENT_PROJECT_VERSION = 1;
				DEVELOPMENT_TEAM = L39D7LSFLU;
				GENERATE_INFOPLIST_FILE = YES;
				IPHONEOS_DEPLOYMENT_TARGET = 15.5;
				MARKETING_VERSION = 1.0;
				PRODUCT_BUNDLE_IDENTIFIER = com.moshiour.iOSPracticalTestProjectTests;
				PRODUCT_NAME = "$(TARGET_NAME)";
				SWIFT_EMIT_LOC_STRINGS = NO;
				SWIFT_VERSION = 5.0;
				TARGETED_DEVICE_FAMILY = "1,2";
				TEST_HOST = "$(BUILT_PRODUCTS_DIR)/iOSPracticalTestProject.app/iOSPracticalTestProject";
			};
			name = Debug;
		};
		899E4328289D223500866A75 /* Release */ = {
			isa = XCBuildConfiguration;
			baseConfigurationReference = 3B686DF8A248A2BEE21F4E18 /* Pods-iOSPracticalTestProjectTests.release.xcconfig */;
			buildSettings = {
				ALWAYS_EMBED_SWIFT_STANDARD_LIBRARIES = YES;
				BUNDLE_LOADER = "$(TEST_HOST)";
				CODE_SIGN_STYLE = Automatic;
				CURRENT_PROJECT_VERSION = 1;
				DEVELOPMENT_TEAM = L39D7LSFLU;
				GENERATE_INFOPLIST_FILE = YES;
				IPHONEOS_DEPLOYMENT_TARGET = 15.5;
				MARKETING_VERSION = 1.0;
				PRODUCT_BUNDLE_IDENTIFIER = com.moshiour.iOSPracticalTestProjectTests;
				PRODUCT_NAME = "$(TARGET_NAME)";
				SWIFT_EMIT_LOC_STRINGS = NO;
				SWIFT_VERSION = 5.0;
				TARGETED_DEVICE_FAMILY = "1,2";
				TEST_HOST = "$(BUILT_PRODUCTS_DIR)/iOSPracticalTestProject.app/iOSPracticalTestProject";
			};
			name = Release;
		};
		899E432A289D223500866A75 /* Debug */ = {
			isa = XCBuildConfiguration;
			baseConfigurationReference = 005618FD542108044DD6E60C /* Pods-iOSPracticalTestProject-iOSPracticalTestProjectUITests.debug.xcconfig */;
			buildSettings = {
				ALWAYS_EMBED_SWIFT_STANDARD_LIBRARIES = YES;
				CODE_SIGN_STYLE = Automatic;
				CURRENT_PROJECT_VERSION = 1;
				DEVELOPMENT_TEAM = L39D7LSFLU;
				GENERATE_INFOPLIST_FILE = YES;
				MARKETING_VERSION = 1.0;
				PRODUCT_BUNDLE_IDENTIFIER = com.moshiour.iOSPracticalTestProjectUITests;
				PRODUCT_NAME = "$(TARGET_NAME)";
				SWIFT_EMIT_LOC_STRINGS = NO;
				SWIFT_VERSION = 5.0;
				TARGETED_DEVICE_FAMILY = "1,2";
				TEST_TARGET_NAME = iOSPracticalTestProject;
			};
			name = Debug;
		};
		899E432B289D223500866A75 /* Release */ = {
			isa = XCBuildConfiguration;
			baseConfigurationReference = EAD7B553DD6715A8BAB318DF /* Pods-iOSPracticalTestProject-iOSPracticalTestProjectUITests.release.xcconfig */;
			buildSettings = {
				ALWAYS_EMBED_SWIFT_STANDARD_LIBRARIES = YES;
				CODE_SIGN_STYLE = Automatic;
				CURRENT_PROJECT_VERSION = 1;
				DEVELOPMENT_TEAM = L39D7LSFLU;
				GENERATE_INFOPLIST_FILE = YES;
				MARKETING_VERSION = 1.0;
				PRODUCT_BUNDLE_IDENTIFIER = com.moshiour.iOSPracticalTestProjectUITests;
				PRODUCT_NAME = "$(TARGET_NAME)";
				SWIFT_EMIT_LOC_STRINGS = NO;
				SWIFT_VERSION = 5.0;
				TARGETED_DEVICE_FAMILY = "1,2";
				TEST_TARGET_NAME = iOSPracticalTestProject;
			};
			name = Release;
		};
/* End XCBuildConfiguration section */

/* Begin XCConfigurationList section */
		899E42F4289D223400866A75 /* Build configuration list for PBXProject "iOSPracticalTestProject" */ = {
			isa = XCConfigurationList;
			buildConfigurations = (
				899E4321289D223500866A75 /* Debug */,
				899E4322289D223500866A75 /* Release */,
			);
			defaultConfigurationIsVisible = 0;
			defaultConfigurationName = Release;
		};
		899E4323289D223500866A75 /* Build configuration list for PBXNativeTarget "iOSPracticalTestProject" */ = {
			isa = XCConfigurationList;
			buildConfigurations = (
				899E4324289D223500866A75 /* Debug */,
				899E4325289D223500866A75 /* Release */,
			);
			defaultConfigurationIsVisible = 0;
			defaultConfigurationName = Release;
		};
		899E4326289D223500866A75 /* Build configuration list for PBXNativeTarget "iOSPracticalTestProjectTests" */ = {
			isa = XCConfigurationList;
			buildConfigurations = (
				899E4327289D223500866A75 /* Debug */,
				899E4328289D223500866A75 /* Release */,
			);
			defaultConfigurationIsVisible = 0;
			defaultConfigurationName = Release;
		};
		899E4329289D223500866A75 /* Build configuration list for PBXNativeTarget "iOSPracticalTestProjectUITests" */ = {
			isa = XCConfigurationList;
			buildConfigurations = (
				899E432A289D223500866A75 /* Debug */,
				899E432B289D223500866A75 /* Release */,
			);
			defaultConfigurationIsVisible = 0;
			defaultConfigurationName = Release;
		};
/* End XCConfigurationList section */
	};
	rootObject = 899E42F1289D223400866A75 /* Project object */;
}
